// !$*UTF8*$!
{
	archiveVersion = 1;
	classes = {
	};
	objectVersion = 48;
	objects = {

/* Begin PBXBuildFile section */
		9DAF8B93205682AE0096839B /* AppDelegate.swift in Sources */ = {isa = PBXBuildFile; fileRef = 9DAF8B92205682AE0096839B /* AppDelegate.swift */; };
		9DAF8B95205682AE0096839B /* ViewController.swift in Sources */ = {isa = PBXBuildFile; fileRef = 9DAF8B94205682AE0096839B /* ViewController.swift */; };
		9DAF8B98205682AE0096839B /* Main.storyboard in Resources */ = {isa = PBXBuildFile; fileRef = 9DAF8B96205682AE0096839B /* Main.storyboard */; };
		9DAF8B9A205682AE0096839B /* Assets.xcassets in Resources */ = {isa = PBXBuildFile; fileRef = 9DAF8B99205682AE0096839B /* Assets.xcassets */; };
		9DAF8B9D205682AE0096839B /* LaunchScreen.storyboard in Resources */ = {isa = PBXBuildFile; fileRef = 9DAF8B9B205682AE0096839B /* LaunchScreen.storyboard */; };
		9DAF8BA8205682AE0096839B /* CallBackTests.swift in Sources */ = {isa = PBXBuildFile; fileRef = 9DAF8BA7205682AE0096839B /* CallBackTests.swift */; };
		9DAF8BB3205682AE0096839B /* CallBackUITests.swift in Sources */ = {isa = PBXBuildFile; fileRef = 9DAF8BB2205682AE0096839B /* CallBackUITests.swift */; };
		9DAF8BC1205682C50096839B /* CallBack.swift in Sources */ = {isa = PBXBuildFile; fileRef = 9DAF8BC0205682C50096839B /* CallBack.swift */; };
/* End PBXBuildFile section */

/* Begin PBXContainerItemProxy section */
		9DAF8BA4205682AE0096839B /* PBXContainerItemProxy */ = {
			isa = PBXContainerItemProxy;
			containerPortal = 9DAF8B87205682AE0096839B /* Project object */;
			proxyType = 1;
			remoteGlobalIDString = 9DAF8B8E205682AE0096839B;
			remoteInfo = CallBack;
		};
		9DAF8BAF205682AE0096839B /* PBXContainerItemProxy */ = {
			isa = PBXContainerItemProxy;
			containerPortal = 9DAF8B87205682AE0096839B /* Project object */;
			proxyType = 1;
			remoteGlobalIDString = 9DAF8B8E205682AE0096839B;
			remoteInfo = CallBack;
		};
/* End PBXContainerItemProxy section */

/* Begin PBXFileReference section */
		9DAF8B8F205682AE0096839B /* CallBack.app */ = {isa = PBXFileReference; explicitFileType = wrapper.application; includeInIndex = 0; path = CallBack.app; sourceTree = BUILT_PRODUCTS_DIR; };
		9DAF8B92205682AE0096839B /* AppDelegate.swift */ = {isa = PBXFileReference; lastKnownFileType = sourcecode.swift; path = AppDelegate.swift; sourceTree = "<group>"; };
		9DAF8B94205682AE0096839B /* ViewController.swift */ = {isa = PBXFileReference; lastKnownFileType = sourcecode.swift; path = ViewController.swift; sourceTree = "<group>"; };
		9DAF8B97205682AE0096839B /* Base */ = {isa = PBXFileReference; lastKnownFileType = file.storyboard; name = Base; path = Base.lproj/Main.storyboard; sourceTree = "<group>"; };
		9DAF8B99205682AE0096839B /* Assets.xcassets */ = {isa = PBXFileReference; lastKnownFileType = folder.assetcatalog; path = Assets.xcassets; sourceTree = "<group>"; };
		9DAF8B9C205682AE0096839B /* Base */ = {isa = PBXFileReference; lastKnownFileType = file.storyboard; name = Base; path = Base.lproj/LaunchScreen.storyboard; sourceTree = "<group>"; };
		9DAF8B9E205682AE0096839B /* Info.plist */ = {isa = PBXFileReference; lastKnownFileType = text.plist.xml; path = Info.plist; sourceTree = "<group>"; };
		9DAF8BA3205682AE0096839B /* CallBackTests.xctest */ = {isa = PBXFileReference; explicitFileType = wrapper.cfbundle; includeInIndex = 0; path = CallBackTests.xctest; sourceTree = BUILT_PRODUCTS_DIR; };
		9DAF8BA7205682AE0096839B /* CallBackTests.swift */ = {isa = PBXFileReference; lastKnownFileType = sourcecode.swift; path = CallBackTests.swift; sourceTree = "<group>"; };
		9DAF8BA9205682AE0096839B /* Info.plist */ = {isa = PBXFileReference; lastKnownFileType = text.plist.xml; path = Info.plist; sourceTree = "<group>"; };
		9DAF8BAE205682AE0096839B /* CallBackUITests.xctest */ = {isa = PBXFileReference; explicitFileType = wrapper.cfbundle; includeInIndex = 0; path = CallBackUITests.xctest; sourceTree = BUILT_PRODUCTS_DIR; };
		9DAF8BB2205682AE0096839B /* CallBackUITests.swift */ = {isa = PBXFileReference; lastKnownFileType = sourcecode.swift; path = CallBackUITests.swift; sourceTree = "<group>"; };
		9DAF8BB4205682AE0096839B /* Info.plist */ = {isa = PBXFileReference; lastKnownFileType = text.plist.xml; path = Info.plist; sourceTree = "<group>"; };
		9DAF8BC0205682C50096839B /* CallBack.swift */ = {isa = PBXFileReference; lastKnownFileType = sourcecode.swift; path = CallBack.swift; sourceTree = "<group>"; };
/* End PBXFileReference section */

/* Begin PBXFrameworksBuildPhase section */
		9DAF8B8C205682AE0096839B /* Frameworks */ = {
			isa = PBXFrameworksBuildPhase;
			buildActionMask = 2147483647;
			files = (
			);
			runOnlyForDeploymentPostprocessing = 0;
		};
		9DAF8BA0205682AE0096839B /* Frameworks */ = {
			isa = PBXFrameworksBuildPhase;
			buildActionMask = 2147483647;
			files = (
			);
			runOnlyForDeploymentPostprocessing = 0;
		};
		9DAF8BAB205682AE0096839B /* Frameworks */ = {
			isa = PBXFrameworksBuildPhase;
			buildActionMask = 2147483647;
			files = (
			);
			runOnlyForDeploymentPostprocessing = 0;
		};
/* End PBXFrameworksBuildPhase section */

/* Begin PBXGroup section */
		9DAF8B86205682AE0096839B = {
			isa = PBXGroup;
			children = (
				9DAF8B91205682AE0096839B /* CallBack */,
				9DAF8BA6205682AE0096839B /* CallBackTests */,
				9DAF8BB1205682AE0096839B /* CallBackUITests */,
				9DAF8B90205682AE0096839B /* Products */,
			);
			sourceTree = "<group>";
		};
		9DAF8B90205682AE0096839B /* Products */ = {
			isa = PBXGroup;
			children = (
				9DAF8B8F205682AE0096839B /* CallBack.app */,
				9DAF8BA3205682AE0096839B /* CallBackTests.xctest */,
				9DAF8BAE205682AE0096839B /* CallBackUITests.xctest */,
			);
			name = Products;
			sourceTree = "<group>";
		};
		9DAF8B91205682AE0096839B /* CallBack */ = {
			isa = PBXGroup;
			children = (
				9DAF8B92205682AE0096839B /* AppDelegate.swift */,
				9DAF8B94205682AE0096839B /* ViewController.swift */,
				9DAF8B96205682AE0096839B /* Main.storyboard */,
				9DAF8B99205682AE0096839B /* Assets.xcassets */,
				9DAF8B9B205682AE0096839B /* LaunchScreen.storyboard */,
				9DAF8B9E205682AE0096839B /* Info.plist */,
				9DAF8BC0205682C50096839B /* CallBack.swift */,
			);
			path = CallBack;
			sourceTree = "<group>";
		};
		9DAF8BA6205682AE0096839B /* CallBackTests */ = {
			isa = PBXGroup;
			children = (
				9DAF8BA7205682AE0096839B /* CallBackTests.swift */,
				9DAF8BA9205682AE0096839B /* Info.plist */,
			);
			path = CallBackTests;
			sourceTree = "<group>";
		};
		9DAF8BB1205682AE0096839B /* CallBackUITests */ = {
			isa = PBXGroup;
			children = (
				9DAF8BB2205682AE0096839B /* CallBackUITests.swift */,
				9DAF8BB4205682AE0096839B /* Info.plist */,
			);
			path = CallBackUITests;
			sourceTree = "<group>";
		};
/* End PBXGroup section */

/* Begin PBXNativeTarget section */
		9DAF8B8E205682AE0096839B /* CallBack */ = {
			isa = PBXNativeTarget;
			buildConfigurationList = 9DAF8BB7205682AE0096839B /* Build configuration list for PBXNativeTarget "CallBack" */;
			buildPhases = (
				9DAF8B8B205682AE0096839B /* Sources */,
				9DAF8B8C205682AE0096839B /* Frameworks */,
				9DAF8B8D205682AE0096839B /* Resources */,
			);
			buildRules = (
			);
			dependencies = (
			);
			name = CallBack;
			productName = CallBack;
			productReference = 9DAF8B8F205682AE0096839B /* CallBack.app */;
			productType = "com.apple.product-type.application";
		};
		9DAF8BA2205682AE0096839B /* CallBackTests */ = {
			isa = PBXNativeTarget;
			buildConfigurationList = 9DAF8BBA205682AE0096839B /* Build configuration list for PBXNativeTarget "CallBackTests" */;
			buildPhases = (
				9DAF8B9F205682AE0096839B /* Sources */,
				9DAF8BA0205682AE0096839B /* Frameworks */,
				9DAF8BA1205682AE0096839B /* Resources */,
			);
			buildRules = (
			);
			dependencies = (
				9DAF8BA5205682AE0096839B /* PBXTargetDependency */,
			);
			name = CallBackTests;
			productName = CallBackTests;
			productReference = 9DAF8BA3205682AE0096839B /* CallBackTests.xctest */;
			productType = "com.apple.product-type.bundle.unit-test";
		};
		9DAF8BAD205682AE0096839B /* CallBackUITests */ = {
			isa = PBXNativeTarget;
			buildConfigurationList = 9DAF8BBD205682AE0096839B /* Build configuration list for PBXNativeTarget "CallBackUITests" */;
			buildPhases = (
				9DAF8BAA205682AE0096839B /* Sources */,
				9DAF8BAB205682AE0096839B /* Frameworks */,
				9DAF8BAC205682AE0096839B /* Resources */,
			);
			buildRules = (
			);
			dependencies = (
				9DAF8BB0205682AE0096839B /* PBXTargetDependency */,
			);
			name = CallBackUITests;
			productName = CallBackUITests;
			productReference = 9DAF8BAE205682AE0096839B /* CallBackUITests.xctest */;
			productType = "com.apple.product-type.bundle.ui-testing";
		};
/* End PBXNativeTarget section */

/* Begin PBXProject section */
		9DAF8B87205682AE0096839B /* Project object */ = {
			isa = PBXProject;
			attributes = {
				LastSwiftUpdateCheck = 0920;
				LastUpgradeCheck = 0920;
				ORGANIZATIONNAME = shiuchi;
				TargetAttributes = {
					9DAF8B8E205682AE0096839B = {
						CreatedOnToolsVersion = 9.2;
						ProvisioningStyle = Automatic;
					};
					9DAF8BA2205682AE0096839B = {
						CreatedOnToolsVersion = 9.2;
						ProvisioningStyle = Automatic;
						TestTargetID = 9DAF8B8E205682AE0096839B;
					};
					9DAF8BAD205682AE0096839B = {
						CreatedOnToolsVersion = 9.2;
						ProvisioningStyle = Automatic;
						TestTargetID = 9DAF8B8E205682AE0096839B;
					};
				};
			};
			buildConfigurationList = 9DAF8B8A205682AE0096839B /* Build configuration list for PBXProject "CallBack" */;
			compatibilityVersion = "Xcode 8.0";
			developmentRegion = en;
			hasScannedForEncodings = 0;
			knownRegions = (
				en,
				Base,
			);
			mainGroup = 9DAF8B86205682AE0096839B;
			productRefGroup = 9DAF8B90205682AE0096839B /* Products */;
			projectDirPath = "";
			projectRoot = "";
			targets = (
				9DAF8B8E205682AE0096839B /* CallBack */,
				9DAF8BA2205682AE0096839B /* CallBackTests */,
				9DAF8BAD205682AE0096839B /* CallBackUITests */,
			);
		};
/* End PBXProject section */

/* Begin PBXResourcesBuildPhase section */
		9DAF8B8D205682AE0096839B /* Resources */ = {
			isa = PBXResourcesBuildPhase;
			buildActionMask = 2147483647;
			files = (
				9DAF8B9D205682AE0096839B /* LaunchScreen.storyboard in Resources */,
				9DAF8B9A205682AE0096839B /* Assets.xcassets in Resources */,
				9DAF8B98205682AE0096839B /* Main.storyboard in Resources */,
			);
			runOnlyForDeploymentPostprocessing = 0;
		};
		9DAF8BA1205682AE0096839B /* Resources */ = {
			isa = PBXResourcesBuildPhase;
			buildActionMask = 2147483647;
			files = (
			);
			runOnlyForDeploymentPostprocessing = 0;
		};
		9DAF8BAC205682AE0096839B /* Resources */ = {
			isa = PBXResourcesBuildPhase;
			buildActionMask = 2147483647;
			files = (
			);
			runOnlyForDeploymentPostprocessing = 0;
		};
/* End PBXResourcesBuildPhase section */

/* Begin PBXSourcesBuildPhase section */
		9DAF8B8B205682AE0096839B /* Sources */ = {
			isa = PBXSourcesBuildPhase;
			buildActionMask = 2147483647;
			files = (
				9DAF8B95205682AE0096839B /* ViewController.swift in Sources */,
				9DAF8B93205682AE0096839B /* AppDelegate.swift in Sources */,
				9DAF8BC1205682C50096839B /* CallBack.swift in Sources */,
			);
			runOnlyForDeploymentPostprocessing = 0;
		};
		9DAF8B9F205682AE0096839B /* Sources */ = {
			isa = PBXSourcesBuildPhase;
			buildActionMask = 2147483647;
			files = (
				9DAF8BA8205682AE0096839B /* CallBackTests.swift in Sources */,
			);
			runOnlyForDeploymentPostprocessing = 0;
		};
		9DAF8BAA205682AE0096839B /* Sources */ = {
			isa = PBXSourcesBuildPhase;
			buildActionMask = 2147483647;
			files = (
				9DAF8BB3205682AE0096839B /* CallBackUITests.swift in Sources */,
			);
			runOnlyForDeploymentPostprocessing = 0;
		};
/* End PBXSourcesBuildPhase section */

/* Begin PBXTargetDependency section */
		9DAF8BA5205682AE0096839B /* PBXTargetDependency */ = {
			isa = PBXTargetDependency;
			target = 9DAF8B8E205682AE0096839B /* CallBack */;
			targetProxy = 9DAF8BA4205682AE0096839B /* PBXContainerItemProxy */;
		};
		9DAF8BB0205682AE0096839B /* PBXTargetDependency */ = {
			isa = PBXTargetDependency;
			target = 9DAF8B8E205682AE0096839B /* CallBack */;
			targetProxy = 9DAF8BAF205682AE0096839B /* PBXContainerItemProxy */;
		};
/* End PBXTargetDependency section */

/* Begin PBXVariantGroup section */
		9DAF8B96205682AE0096839B /* Main.storyboard */ = {
			isa = PBXVariantGroup;
			children = (
				9DAF8B97205682AE0096839B /* Base */,
			);
			name = Main.storyboard;
			sourceTree = "<group>";
		};
		9DAF8B9B205682AE0096839B /* LaunchScreen.storyboard */ = {
			isa = PBXVariantGroup;
			children = (
				9DAF8B9C205682AE0096839B /* Base */,
			);
			name = LaunchScreen.storyboard;
			sourceTree = "<group>";
		};
/* End PBXVariantGroup section */

/* Begin XCBuildConfiguration section */
		9DAF8BB5205682AE0096839B /* Debug */ = {
			isa = XCBuildConfiguration;
			buildSettings = {
				ALWAYS_SEARCH_USER_PATHS = NO;
				CLANG_ANALYZER_NONNULL = YES;
				CLANG_ANALYZER_NUMBER_OBJECT_CONVERSION = YES_AGGRESSIVE;
				CLANG_CXX_LANGUAGE_STANDARD = "gnu++14";
				CLANG_CXX_LIBRARY = "libc++";
				CLANG_ENABLE_MODULES = YES;
				CLANG_ENABLE_OBJC_ARC = YES;
				CLANG_WARN_BLOCK_CAPTURE_AUTORELEASING = YES;
				CLANG_WARN_BOOL_CONVERSION = YES;
				CLANG_WARN_COMMA = YES;
				CLANG_WARN_CONSTANT_CONVERSION = YES;
				CLANG_WARN_DIRECT_OBJC_ISA_USAGE = YES_ERROR;
				CLANG_WARN_DOCUMENTATION_COMMENTS = YES;
				CLANG_WARN_EMPTY_BODY = YES;
				CLANG_WARN_ENUM_CONVERSION = YES;
				CLANG_WARN_INFINITE_RECURSION = YES;
				CLANG_WARN_INT_CONVERSION = YES;
				CLANG_WARN_NON_LITERAL_NULL_CONVERSION = YES;
				CLANG_WARN_OBJC_LITERAL_CONVERSION = YES;
				CLANG_WARN_OBJC_ROOT_CLASS = YES_ERROR;
				CLANG_WARN_RANGE_LOOP_ANALYSIS = YES;
				CLANG_WARN_STRICT_PROTOTYPES = YES;
				CLANG_WARN_SUSPICIOUS_MOVE = YES;
				CLANG_WARN_UNGUARDED_AVAILABILITY = YES_AGGRESSIVE;
				CLANG_WARN_UNREACHABLE_CODE = YES;
				CLANG_WARN__DUPLICATE_METHOD_MATCH = YES;
				CODE_SIGN_IDENTITY = "iPhone Developer";
				COPY_PHASE_STRIP = NO;
				DEBUG_INFORMATION_FORMAT = dwarf;
				ENABLE_STRICT_OBJC_MSGSEND = YES;
				ENABLE_TESTABILITY = YES;
				GCC_C_LANGUAGE_STANDARD = gnu11;
				GCC_DYNAMIC_NO_PIC = NO;
				GCC_NO_COMMON_BLOCKS = YES;
				GCC_OPTIMIZATION_LEVEL = 0;
				GCC_PREPROCESSOR_DEFINITIONS = (
					"DEBUG=1",
					"$(inherited)",
				);
				GCC_WARN_64_TO_32_BIT_CONVERSION = YES;
				GCC_WARN_ABOUT_RETURN_TYPE = YES_ERROR;
				GCC_WARN_UNDECLARED_SELECTOR = YES;
				GCC_WARN_UNINITIALIZED_AUTOS = YES_AGGRESSIVE;
				GCC_WARN_UNUSED_FUNCTION = YES;
				GCC_WARN_UNUSED_VARIABLE = YES;
				IPHONEOS_DEPLOYMENT_TARGET = 11.2;
				MTL_ENABLE_DEBUG_INFO = YES;
				ONLY_ACTIVE_ARCH = YES;
				SDKROOT = iphoneos;
				SWIFT_ACTIVE_COMPILATION_CONDITIONS = DEBUG;
				SWIFT_OPTIMIZATION_LEVEL = "-Onone";
			};
			name = Debug;
		};
		9DAF8BB6205682AE0096839B /* Release */ = {
			isa = XCBuildConfiguration;
			buildSettings = {
				ALWAYS_SEARCH_USER_PATHS = NO;
				CLANG_ANALYZER_NONNULL = YES;
				CLANG_ANALYZER_NUMBER_OBJECT_CONVERSION = YES_AGGRESSIVE;
				CLANG_CXX_LANGUAGE_STANDARD = "gnu++14";
				CLANG_CXX_LIBRARY = "libc++";
				CLANG_ENABLE_MODULES = YES;
				CLANG_ENABLE_OBJC_ARC = YES;
				CLANG_WARN_BLOCK_CAPTURE_AUTORELEASING = YES;
				CLANG_WARN_BOOL_CONVERSION = YES;
				CLANG_WARN_COMMA = YES;
				CLANG_WARN_CONSTANT_CONVERSION = YES;
				CLANG_WARN_DIRECT_OBJC_ISA_USAGE = YES_ERROR;
				CLANG_WARN_DOCUMENTATION_COMMENTS = YES;
				CLANG_WARN_EMPTY_BODY = YES;
				CLANG_WARN_ENUM_CONVERSION = YES;
				CLANG_WARN_INFINITE_RECURSION = YES;
				CLANG_WARN_INT_CONVERSION = YES;
				CLANG_WARN_NON_LITERAL_NULL_CONVERSION = YES;
				CLANG_WARN_OBJC_LITERAL_CONVERSION = YES;
				CLANG_WARN_OBJC_ROOT_CLASS = YES_ERROR;
				CLANG_WARN_RANGE_LOOP_ANALYSIS = YES;
				CLANG_WARN_STRICT_PROTOTYPES = YES;
				CLANG_WARN_SUSPICIOUS_MOVE = YES;
				CLANG_WARN_UNGUARDED_AVAILABILITY = YES_AGGRESSIVE;
				CLANG_WARN_UNREACHABLE_CODE = YES;
				CLANG_WARN__DUPLICATE_METHOD_MATCH = YES;
				CODE_SIGN_IDENTITY = "iPhone Developer";
				COPY_PHASE_STRIP = NO;
				DEBUG_INFORMATION_FORMAT = "dwarf-with-dsym";
				ENABLE_NS_ASSERTIONS = NO;
				ENABLE_STRICT_OBJC_MSGSEND = YES;
				GCC_C_LANGUAGE_STANDARD = gnu11;
				GCC_NO_COMMON_BLOCKS = YES;
				GCC_WARN_64_TO_32_BIT_CONVERSION = YES;
				GCC_WARN_ABOUT_RETURN_TYPE = YES_ERROR;
				GCC_WARN_UNDECLARED_SELECTOR = YES;
				GCC_WARN_UNINITIALIZED_AUTOS = YES_AGGRESSIVE;
				GCC_WARN_UNUSED_FUNCTION = YES;
				GCC_WARN_UNUSED_VARIABLE = YES;
				IPHONEOS_DEPLOYMENT_TARGET = 11.2;
				MTL_ENABLE_DEBUG_INFO = NO;
				SDKROOT = iphoneos;
				SWIFT_OPTIMIZATION_LEVEL = "-Owholemodule";
				VALIDATE_PRODUCT = YES;
			};
			name = Release;
		};
		9DAF8BB8205682AE0096839B /* Debug */ = {
			isa = XCBuildConfiguration;
			buildSettings = {
				ASSETCATALOG_COMPILER_APPICON_NAME = AppIcon;
				CODE_SIGN_STYLE = Automatic;
				INFOPLIST_FILE = CallBack/Info.plist;
				LD_RUNPATH_SEARCH_PATHS = "$(inherited) @executable_path/Frameworks";
				PRODUCT_BUNDLE_IDENTIFIER = net.sample.CallBack;
				PRODUCT_NAME = "$(TARGET_NAME)";
				SWIFT_VERSION = 4.0;
				TARGETED_DEVICE_FAMILY = "1,2";
			};
			name = Debug;
		};
		9DAF8BB9205682AE0096839B /* Release */ = {
			isa = XCBuildConfiguration;
			buildSettings = {
				ASSETCATALOG_COMPILER_APPICON_NAME = AppIcon;
				CODE_SIGN_STYLE = Automatic;
				INFOPLIST_FILE = CallBack/Info.plist;
				LD_RUNPATH_SEARCH_PATHS = "$(inherited) @executable_path/Frameworks";
				PRODUCT_BUNDLE_IDENTIFIER = net.sample.CallBack;
				PRODUCT_NAME = "$(TARGET_NAME)";
				SWIFT_VERSION = 4.0;
				TARGETED_DEVICE_FAMILY = "1,2";
			};
			name = Release;
		};
		9DAF8BBB205682AE0096839B /* Debug */ = {
			isa = XCBuildConfiguration;
			buildSettings = {
				ALWAYS_EMBED_SWIFT_STANDARD_LIBRARIES = YES;
				BUNDLE_LOADER = "$(TEST_HOST)";
				CODE_SIGN_STYLE = Automatic;
				INFOPLIST_FILE = CallBackTests/Info.plist;
				LD_RUNPATH_SEARCH_PATHS = "$(inherited) @executable_path/Frameworks @loader_path/Frameworks";
				PRODUCT_BUNDLE_IDENTIFIER = net.sample.CallBackTests;
				PRODUCT_NAME = "$(TARGET_NAME)";
				SWIFT_VERSION = 4.0;
				TARGETED_DEVICE_FAMILY = "1,2";
				TEST_HOST = "$(BUILT_PRODUCTS_DIR)/CallBack.app/CallBack";
			};
			name = Debug;
		};
		9DAF8BBC205682AE0096839B /* Release */ = {
			isa = XCBuildConfiguration;
			buildSettings = {
				ALWAYS_EMBED_SWIFT_STANDARD_LIBRARIES = YES;
				BUNDLE_LOADER = "$(TEST_HOST)";
				CODE_SIGN_STYLE = Automatic;
				INFOPLIST_FILE = CallBackTests/Info.plist;
				LD_RUNPATH_SEARCH_PATHS = "$(inherited) @executable_path/Frameworks @loader_path/Frameworks";
				PRODUCT_BUNDLE_IDENTIFIER = net.sample.CallBackTests;
				PRODUCT_NAME = "$(TARGET_NAME)";
				SWIFT_VERSION = 4.0;
				TARGETED_DEVICE_FAMILY = "1,2";
				TEST_HOST = "$(BUILT_PRODUCTS_DIR)/CallBack.app/CallBack";
			};
			name = Release;
		};
		9DAF8BBE205682AE0096839B /* Debug */ = {
			isa = XCBuildConfiguration;
			buildSettings = {
				ALWAYS_EMBED_SWIFT_STANDARD_LIBRARIES = YES;
				CODE_SIGN_STYLE = Automatic;
				INFOPLIST_FILE = CallBackUITests/Info.plist;
				LD_RUNPATH_SEARCH_PATHS = "$(inherited) @executable_path/Frameworks @loader_path/Frameworks";
				PRODUCT_BUNDLE_IDENTIFIER = net.sample.CallBackUITests;
				PRODUCT_NAME = "$(TARGET_NAME)";
				SWIFT_VERSION = 4.0;
				TARGETED_DEVICE_FAMILY = "1,2";
				TEST_TARGET_NAME = CallBack;
			};
			name = Debug;
		};
		9DAF8BBF205682AE0096839B /* Release */ = {
			isa = XCBuildConfiguration;
			buildSettings = {
				ALWAYS_EMBED_SWIFT_STANDARD_LIBRARIES = YES;
				CODE_SIGN_STYLE = Automatic;
				INFOPLIST_FILE = CallBackUITests/Info.plist;
				LD_RUNPATH_SEARCH_PATHS = "$(inherited) @executable_path/Frameworks @loader_path/Frameworks";
				PRODUCT_BUNDLE_IDENTIFIER = net.sample.CallBackUITests;
				PRODUCT_NAME = "$(TARGET_NAME)";
				SWIFT_VERSION = 4.0;
				TARGETED_DEVICE_FAMILY = "1,2";
				TEST_TARGET_NAME = CallBack;
			};
			name = Release;
		};
/* End XCBuildConfiguration section */

/* Begin XCConfigurationList section */
		9DAF8B8A205682AE0096839B /* Build configuration list for PBXProject "CallBack" */ = {
			isa = XCConfigurationList;
			buildConfigurations = (
				9DAF8BB5205682AE0096839B /* Debug */,
				9DAF8BB6205682AE0096839B /* Release */,
			);
			defaultConfigurationIsVisible = 0;
			defaultConfigurationName = Release;
		};
		9DAF8BB7205682AE0096839B /* Build configuration list for PBXNativeTarget "CallBack" */ = {
			isa = XCConfigurationList;
			buildConfigurations = (
				9DAF8BB8205682AE0096839B /* Debug */,
				9DAF8BB9205682AE0096839B /* Release */,
			);
			defaultConfigurationIsVisible = 0;
			defaultConfigurationName = Release;
		};
		9DAF8BBA205682AE0096839B /* Build configuration list for PBXNativeTarget "CallBackTests" */ = {
			isa = XCConfigurationList;
			buildConfigurations = (
				9DAF8BBB205682AE0096839B /* Debug */,
				9DAF8BBC205682AE0096839B /* Release */,
			);
			defaultConfigurationIsVisible = 0;
			defaultConfigurationName = Release;
		};
		9DAF8BBD205682AE0096839B /* Build configuration list for PBXNativeTarget "CallBackUITests" */ = {
			isa = XCConfigurationList;
			buildConfigurations = (
				9DAF8BBE205682AE0096839B /* Debug */,
				9DAF8BBF205682AE0096839B /* Release */,
			);
			defaultConfigurationIsVisible = 0;
			defaultConfigurationName = Release;
		};
/* End XCConfigurationList section */
	};
	rootObject = 9DAF8B87205682AE0096839B /* Project object */;
}
