// !$*UTF8*$!
{
	archiveVersion = 1;
	classes = {
	};
	objectVersion = 50;
	objects = {

/* Begin PBXBuildFile section */
		F4932CE722BBCC3B004397BB /* SwiftCallback.framework in Frameworks */ = {isa = PBXBuildFile; fileRef = F4932CDD22BBCC3B004397BB /* SwiftCallback.framework */; };
		F4932CEC22BBCC3B004397BB /* SwiftCallbackTests.swift in Sources */ = {isa = PBXBuildFile; fileRef = F4932CEB22BBCC3B004397BB /* SwiftCallbackTests.swift */; };
		F4932CEE22BBCC3B004397BB /* SwiftCallback.h in Headers */ = {isa = PBXBuildFile; fileRef = F4932CE022BBCC3B004397BB /* SwiftCallback.h */; settings = {ATTRIBUTES = (Public, ); }; };
		F4932CF822BBCC57004397BB /* Callback.swift in Sources */ = {isa = PBXBuildFile; fileRef = F4932CF722BBCC57004397BB /* Callback.swift */; };
		F4932CF922BBCC57004397BB /* Callback.swift in Sources */ = {isa = PBXBuildFile; fileRef = F4932CF722BBCC57004397BB /* Callback.swift */; };
		F4932D2522BBD211004397BB /* AppDelegate.swift in Sources */ = {isa = PBXBuildFile; fileRef = F4932D2422BBD211004397BB /* AppDelegate.swift */; };
		F4932D2722BBD211004397BB /* ViewController.swift in Sources */ = {isa = PBXBuildFile; fileRef = F4932D2622BBD211004397BB /* ViewController.swift */; };
		F4932D2A22BBD211004397BB /* Main.storyboard in Resources */ = {isa = PBXBuildFile; fileRef = F4932D2822BBD211004397BB /* Main.storyboard */; };
		F4932D2C22BBD212004397BB /* Assets.xcassets in Resources */ = {isa = PBXBuildFile; fileRef = F4932D2B22BBD212004397BB /* Assets.xcassets */; };
		F4932D2F22BBD212004397BB /* LaunchScreen.storyboard in Resources */ = {isa = PBXBuildFile; fileRef = F4932D2D22BBD212004397BB /* LaunchScreen.storyboard */; };
		F4932D3422BBD21F004397BB /* Callback.swift in Sources */ = {isa = PBXBuildFile; fileRef = F4932CF722BBCC57004397BB /* Callback.swift */; };
		F4932D3622BCECD4004397BB /* SampleButton.swift in Sources */ = {isa = PBXBuildFile; fileRef = F4932D3522BCECD4004397BB /* SampleButton.swift */; };
/* End PBXBuildFile section */

/* Begin PBXContainerItemProxy section */
		F4932CE822BBCC3B004397BB /* PBXContainerItemProxy */ = {
			isa = PBXContainerItemProxy;
			containerPortal = F4932CD422BBCC3B004397BB /* Project object */;
			proxyType = 1;
			remoteGlobalIDString = F4932CDC22BBCC3B004397BB;
			remoteInfo = SwiftCallback;
		};
/* End PBXContainerItemProxy section */

/* Begin PBXFileReference section */
		F4932CDD22BBCC3B004397BB /* SwiftCallback.framework */ = {isa = PBXFileReference; explicitFileType = wrapper.framework; includeInIndex = 0; path = SwiftCallback.framework; sourceTree = BUILT_PRODUCTS_DIR; };
		F4932CE022BBCC3B004397BB /* SwiftCallback.h */ = {isa = PBXFileReference; lastKnownFileType = sourcecode.c.h; path = SwiftCallback.h; sourceTree = "<group>"; };
		F4932CE122BBCC3B004397BB /* Info.plist */ = {isa = PBXFileReference; lastKnownFileType = text.plist.xml; path = Info.plist; sourceTree = "<group>"; };
		F4932CE622BBCC3B004397BB /* SwiftCallbackTests.xctest */ = {isa = PBXFileReference; explicitFileType = wrapper.cfbundle; includeInIndex = 0; path = SwiftCallbackTests.xctest; sourceTree = BUILT_PRODUCTS_DIR; };
		F4932CEB22BBCC3B004397BB /* SwiftCallbackTests.swift */ = {isa = PBXFileReference; lastKnownFileType = sourcecode.swift; path = SwiftCallbackTests.swift; sourceTree = "<group>"; };
		F4932CED22BBCC3B004397BB /* Info.plist */ = {isa = PBXFileReference; lastKnownFileType = text.plist.xml; path = Info.plist; sourceTree = "<group>"; };
		F4932CF722BBCC57004397BB /* Callback.swift */ = {isa = PBXFileReference; lastKnownFileType = sourcecode.swift; path = Callback.swift; sourceTree = "<group>"; };
		F4932D2222BBD211004397BB /* SwiftCallbackSample.app */ = {isa = PBXFileReference; explicitFileType = wrapper.application; includeInIndex = 0; path = SwiftCallbackSample.app; sourceTree = BUILT_PRODUCTS_DIR; };
		F4932D2422BBD211004397BB /* AppDelegate.swift */ = {isa = PBXFileReference; lastKnownFileType = sourcecode.swift; path = AppDelegate.swift; sourceTree = "<group>"; };
		F4932D2622BBD211004397BB /* ViewController.swift */ = {isa = PBXFileReference; lastKnownFileType = sourcecode.swift; path = ViewController.swift; sourceTree = "<group>"; };
		F4932D2922BBD211004397BB /* Base */ = {isa = PBXFileReference; lastKnownFileType = file.storyboard; name = Base; path = Base.lproj/Main.storyboard; sourceTree = "<group>"; };
		F4932D2B22BBD212004397BB /* Assets.xcassets */ = {isa = PBXFileReference; lastKnownFileType = folder.assetcatalog; path = Assets.xcassets; sourceTree = "<group>"; };
		F4932D2E22BBD212004397BB /* Base */ = {isa = PBXFileReference; lastKnownFileType = file.storyboard; name = Base; path = Base.lproj/LaunchScreen.storyboard; sourceTree = "<group>"; };
		F4932D3022BBD212004397BB /* Info.plist */ = {isa = PBXFileReference; lastKnownFileType = text.plist.xml; path = Info.plist; sourceTree = "<group>"; };
		F4932D3522BCECD4004397BB /* SampleButton.swift */ = {isa = PBXFileReference; lastKnownFileType = sourcecode.swift; path = SampleButton.swift; sourceTree = "<group>"; };
/* End PBXFileReference section */

/* Begin PBXFrameworksBuildPhase section */
		F4932CDA22BBCC3B004397BB /* Frameworks */ = {
			isa = PBXFrameworksBuildPhase;
			buildActionMask = 2147483647;
			files = (
			);
			runOnlyForDeploymentPostprocessing = 0;
		};
		F4932CE322BBCC3B004397BB /* Frameworks */ = {
			isa = PBXFrameworksBuildPhase;
			buildActionMask = 2147483647;
			files = (
				F4932CE722BBCC3B004397BB /* SwiftCallback.framework in Frameworks */,
			);
			runOnlyForDeploymentPostprocessing = 0;
		};
		F4932D1F22BBD211004397BB /* Frameworks */ = {
			isa = PBXFrameworksBuildPhase;
			buildActionMask = 2147483647;
			files = (
			);
			runOnlyForDeploymentPostprocessing = 0;
		};
/* End PBXFrameworksBuildPhase section */

/* Begin PBXGroup section */
		F4932CD322BBCC3B004397BB = {
			isa = PBXGroup;
			children = (
				F4932CDF22BBCC3B004397BB /* SwiftCallback */,
				F4932CEA22BBCC3B004397BB /* SwiftCallbackTests */,
				F4932D2322BBD211004397BB /* SwiftCallbackSample */,
				F4932CDE22BBCC3B004397BB /* Products */,
			);
			sourceTree = "<group>";
		};
		F4932CDE22BBCC3B004397BB /* Products */ = {
			isa = PBXGroup;
			children = (
				F4932CDD22BBCC3B004397BB /* SwiftCallback.framework */,
				F4932CE622BBCC3B004397BB /* SwiftCallbackTests.xctest */,
				F4932D2222BBD211004397BB /* SwiftCallbackSample.app */,
			);
			name = Products;
			sourceTree = "<group>";
		};
		F4932CDF22BBCC3B004397BB /* SwiftCallback */ = {
			isa = PBXGroup;
			children = (
				F4932D3722BD58CC004397BB /* Classes */,
				F4932CE022BBCC3B004397BB /* SwiftCallback.h */,
				F4932CE122BBCC3B004397BB /* Info.plist */,
			);
			path = SwiftCallback;
			sourceTree = "<group>";
		};
		F4932CEA22BBCC3B004397BB /* SwiftCallbackTests */ = {
			isa = PBXGroup;
			children = (
				F4932CEB22BBCC3B004397BB /* SwiftCallbackTests.swift */,
				F4932CED22BBCC3B004397BB /* Info.plist */,
			);
			path = SwiftCallbackTests;
			sourceTree = "<group>";
		};
		F4932D2322BBD211004397BB /* SwiftCallbackSample */ = {
			isa = PBXGroup;
			children = (
				F4932D2422BBD211004397BB /* AppDelegate.swift */,
				F4932D2622BBD211004397BB /* ViewController.swift */,
				F4932D2822BBD211004397BB /* Main.storyboard */,
				F4932D2B22BBD212004397BB /* Assets.xcassets */,
				F4932D2D22BBD212004397BB /* LaunchScreen.storyboard */,
				F4932D3022BBD212004397BB /* Info.plist */,
				F4932D3522BCECD4004397BB /* SampleButton.swift */,
			);
			path = SwiftCallbackSample;
			sourceTree = "<group>";
		};
		F4932D3722BD58CC004397BB /* Classes */ = {
			isa = PBXGroup;
			children = (
				F4932CF722BBCC57004397BB /* Callback.swift */,
			);
			path = Classes;
			sourceTree = "<group>";
		};
/* End PBXGroup section */

/* Begin PBXHeadersBuildPhase section */
		F4932CD822BBCC3B004397BB /* Headers */ = {
			isa = PBXHeadersBuildPhase;
			buildActionMask = 2147483647;
			files = (
				F4932CEE22BBCC3B004397BB /* SwiftCallback.h in Headers */,
			);
			runOnlyForDeploymentPostprocessing = 0;
		};
/* End PBXHeadersBuildPhase section */

/* Begin PBXNativeTarget section */
		F4932CDC22BBCC3B004397BB /* SwiftCallback */ = {
			isa = PBXNativeTarget;
			buildConfigurationList = F4932CF122BBCC3B004397BB /* Build configuration list for PBXNativeTarget "SwiftCallback" */;
			buildPhases = (
				F4932CD822BBCC3B004397BB /* Headers */,
				F4932CD922BBCC3B004397BB /* Sources */,
				F4932CDA22BBCC3B004397BB /* Frameworks */,
				F4932CDB22BBCC3B004397BB /* Resources */,
			);
			buildRules = (
			);
			dependencies = (
			);
			name = SwiftCallback;
			productName = SwiftCallback;
			productReference = F4932CDD22BBCC3B004397BB /* SwiftCallback.framework */;
			productType = "com.apple.product-type.framework";
		};
		F4932CE522BBCC3B004397BB /* SwiftCallbackTests */ = {
			isa = PBXNativeTarget;
			buildConfigurationList = F4932CF422BBCC3B004397BB /* Build configuration list for PBXNativeTarget "SwiftCallbackTests" */;
			buildPhases = (
				F4932CE222BBCC3B004397BB /* Sources */,
				F4932CE322BBCC3B004397BB /* Frameworks */,
				F4932CE422BBCC3B004397BB /* Resources */,
			);
			buildRules = (
			);
			dependencies = (
				F4932CE922BBCC3B004397BB /* PBXTargetDependency */,
			);
			name = SwiftCallbackTests;
			productName = SwiftCallbackTests;
			productReference = F4932CE622BBCC3B004397BB /* SwiftCallbackTests.xctest */;
			productType = "com.apple.product-type.bundle.unit-test";
		};
		F4932D2122BBD211004397BB /* SwiftCallbackSample */ = {
			isa = PBXNativeTarget;
			buildConfigurationList = F4932D3122BBD212004397BB /* Build configuration list for PBXNativeTarget "SwiftCallbackSample" */;
			buildPhases = (
				F4932D1E22BBD211004397BB /* Sources */,
				F4932D1F22BBD211004397BB /* Frameworks */,
				F4932D2022BBD211004397BB /* Resources */,
			);
			buildRules = (
			);
			dependencies = (
			);
			name = SwiftCallbackSample;
			productName = SwiftCallbackSample;
			productReference = F4932D2222BBD211004397BB /* SwiftCallbackSample.app */;
			productType = "com.apple.product-type.application";
		};
/* End PBXNativeTarget section */

/* Begin PBXProject section */
		F4932CD422BBCC3B004397BB /* Project object */ = {
			isa = PBXProject;
			attributes = {
				LastSwiftUpdateCheck = 1020;
				LastUpgradeCheck = 1020;
				ORGANIZATIONNAME = shiuchi;
				TargetAttributes = {
					F4932CDC22BBCC3B004397BB = {
						CreatedOnToolsVersion = 10.2.1;
						LastSwiftMigration = 1020;
					};
					F4932CE522BBCC3B004397BB = {
						CreatedOnToolsVersion = 10.2.1;
					};
					F4932D2122BBD211004397BB = {
						CreatedOnToolsVersion = 10.2.1;
					};
				};
			};
			buildConfigurationList = F4932CD722BBCC3B004397BB /* Build configuration list for PBXProject "SwiftCallback" */;
			compatibilityVersion = "Xcode 9.3";
			developmentRegion = en;
			hasScannedForEncodings = 0;
			knownRegions = (
				en,
				Base,
			);
			mainGroup = F4932CD322BBCC3B004397BB;
			productRefGroup = F4932CDE22BBCC3B004397BB /* Products */;
			projectDirPath = "";
			projectRoot = "";
			targets = (
				F4932CDC22BBCC3B004397BB /* SwiftCallback */,
				F4932CE522BBCC3B004397BB /* SwiftCallbackTests */,
				F4932D2122BBD211004397BB /* SwiftCallbackSample */,
			);
		};
/* End PBXProject section */

/* Begin PBXResourcesBuildPhase section */
		F4932CDB22BBCC3B004397BB /* Resources */ = {
			isa = PBXResourcesBuildPhase;
			buildActionMask = 2147483647;
			files = (
			);
			runOnlyForDeploymentPostprocessing = 0;
		};
		F4932CE422BBCC3B004397BB /* Resources */ = {
			isa = PBXResourcesBuildPhase;
			buildActionMask = 2147483647;
			files = (
			);
			runOnlyForDeploymentPostprocessing = 0;
		};
		F4932D2022BBD211004397BB /* Resources */ = {
			isa = PBXResourcesBuildPhase;
			buildActionMask = 2147483647;
			files = (
				F4932D2F22BBD212004397BB /* LaunchScreen.storyboard in Resources */,
				F4932D2C22BBD212004397BB /* Assets.xcassets in Resources */,
				F4932D2A22BBD211004397BB /* Main.storyboard in Resources */,
			);
			runOnlyForDeploymentPostprocessing = 0;
		};
/* End PBXResourcesBuildPhase section */

/* Begin PBXSourcesBuildPhase section */
		F4932CD922BBCC3B004397BB /* Sources */ = {
			isa = PBXSourcesBuildPhase;
			buildActionMask = 2147483647;
			files = (
				F4932CF822BBCC57004397BB /* Callback.swift in Sources */,
			);
			runOnlyForDeploymentPostprocessing = 0;
		};
		F4932CE222BBCC3B004397BB /* Sources */ = {
			isa = PBXSourcesBuildPhase;
			buildActionMask = 2147483647;
			files = (
				F4932CF922BBCC57004397BB /* Callback.swift in Sources */,
				F4932CEC22BBCC3B004397BB /* SwiftCallbackTests.swift in Sources */,
			);
			runOnlyForDeploymentPostprocessing = 0;
		};
		F4932D1E22BBD211004397BB /* Sources */ = {
			isa = PBXSourcesBuildPhase;
			buildActionMask = 2147483647;
			files = (
				F4932D2722BBD211004397BB /* ViewController.swift in Sources */,
				F4932D3422BBD21F004397BB /* Callback.swift in Sources */,
				F4932D2522BBD211004397BB /* AppDelegate.swift in Sources */,
				F4932D3622BCECD4004397BB /* SampleButton.swift in Sources */,
			);
			runOnlyForDeploymentPostprocessing = 0;
		};
/* End PBXSourcesBuildPhase section */

/* Begin PBXTargetDependency section */
		F4932CE922BBCC3B004397BB /* PBXTargetDependency */ = {
			isa = PBXTargetDependency;
			target = F4932CDC22BBCC3B004397BB /* SwiftCallback */;
			targetProxy = F4932CE822BBCC3B004397BB /* PBXContainerItemProxy */;
		};
/* End PBXTargetDependency section */

/* Begin PBXVariantGroup section */
		F4932D2822BBD211004397BB /* Main.storyboard */ = {
			isa = PBXVariantGroup;
			children = (
				F4932D2922BBD211004397BB /* Base */,
			);
			name = Main.storyboard;
			sourceTree = "<group>";
		};
		F4932D2D22BBD212004397BB /* LaunchScreen.storyboard */ = {
			isa = PBXVariantGroup;
			children = (
				F4932D2E22BBD212004397BB /* Base */,
			);
			name = LaunchScreen.storyboard;
			sourceTree = "<group>";
		};
/* End PBXVariantGroup section */

/* Begin XCBuildConfiguration section */
		F4932CEF22BBCC3B004397BB /* Debug */ = {
			isa = XCBuildConfiguration;
			buildSettings = {
				ALWAYS_SEARCH_USER_PATHS = NO;
				CLANG_ANALYZER_NONNULL = YES;
				CLANG_ANALYZER_NUMBER_OBJECT_CONVERSION = YES_AGGRESSIVE;
				CLANG_CXX_LANGUAGE_STANDARD = "gnu++14";
				CLANG_CXX_LIBRARY = "libc++";
				CLANG_ENABLE_MODULES = YES;
				CLANG_ENABLE_OBJC_ARC = YES;
				CLANG_ENABLE_OBJC_WEAK = YES;
				CLANG_WARN_BLOCK_CAPTURE_AUTORELEASING = YES;
				CLANG_WARN_BOOL_CONVERSION = YES;
				CLANG_WARN_COMMA = YES;
				CLANG_WARN_CONSTANT_CONVERSION = YES;
				CLANG_WARN_DEPRECATED_OBJC_IMPLEMENTATIONS = YES;
				CLANG_WARN_DIRECT_OBJC_ISA_USAGE = YES_ERROR;
				CLANG_WARN_DOCUMENTATION_COMMENTS = YES;
				CLANG_WARN_EMPTY_BODY = YES;
				CLANG_WARN_ENUM_CONVERSION = YES;
				CLANG_WARN_INFINITE_RECURSION = YES;
				CLANG_WARN_INT_CONVERSION = YES;
				CLANG_WARN_NON_LITERAL_NULL_CONVERSION = YES;
				CLANG_WARN_OBJC_IMPLICIT_RETAIN_SELF = YES;
				CLANG_WARN_OBJC_LITERAL_CONVERSION = YES;
				CLANG_WARN_OBJC_ROOT_CLASS = YES_ERROR;
				CLANG_WARN_RANGE_LOOP_ANALYSIS = YES;
				CLANG_WARN_STRICT_PROTOTYPES = YES;
				CLANG_WARN_SUSPICIOUS_MOVE = YES;
				CLANG_WARN_UNGUARDED_AVAILABILITY = YES_AGGRESSIVE;
				CLANG_WARN_UNREACHABLE_CODE = YES;
				CLANG_WARN__DUPLICATE_METHOD_MATCH = YES;
				CODE_SIGN_IDENTITY = "iPhone Developer";
				COPY_PHASE_STRIP = NO;
				CURRENT_PROJECT_VERSION = 1;
				DEBUG_INFORMATION_FORMAT = dwarf;
				ENABLE_STRICT_OBJC_MSGSEND = YES;
				ENABLE_TESTABILITY = YES;
				GCC_C_LANGUAGE_STANDARD = gnu11;
				GCC_DYNAMIC_NO_PIC = NO;
				GCC_NO_COMMON_BLOCKS = YES;
				GCC_OPTIMIZATION_LEVEL = 0;
				GCC_PREPROCESSOR_DEFINITIONS = (
					"DEBUG=1",
					"$(inherited)",
				);
				GCC_WARN_64_TO_32_BIT_CONVERSION = YES;
				GCC_WARN_ABOUT_RETURN_TYPE = YES_ERROR;
				GCC_WARN_UNDECLARED_SELECTOR = YES;
				GCC_WARN_UNINITIALIZED_AUTOS = YES_AGGRESSIVE;
				GCC_WARN_UNUSED_FUNCTION = YES;
				GCC_WARN_UNUSED_VARIABLE = YES;
				IPHONEOS_DEPLOYMENT_TARGET = 12.2;
				MTL_ENABLE_DEBUG_INFO = INCLUDE_SOURCE;
				MTL_FAST_MATH = YES;
				ONLY_ACTIVE_ARCH = YES;
				SDKROOT = iphoneos;
				SWIFT_ACTIVE_COMPILATION_CONDITIONS = DEBUG;
				SWIFT_OPTIMIZATION_LEVEL = "-Onone";
				SWIFT_VERSION = 4.2;
				VERSIONING_SYSTEM = "apple-generic";
				VERSION_INFO_PREFIX = "";
			};
			name = Debug;
		};
		F4932CF022BBCC3B004397BB /* Release */ = {
			isa = XCBuildConfiguration;
			buildSettings = {
				ALWAYS_SEARCH_USER_PATHS = NO;
				CLANG_ANALYZER_NONNULL = YES;
				CLANG_ANALYZER_NUMBER_OBJECT_CONVERSION = YES_AGGRESSIVE;
				CLANG_CXX_LANGUAGE_STANDARD = "gnu++14";
				CLANG_CXX_LIBRARY = "libc++";
				CLANG_ENABLE_MODULES = YES;
				CLANG_ENABLE_OBJC_ARC = YES;
				CLANG_ENABLE_OBJC_WEAK = YES;
				CLANG_WARN_BLOCK_CAPTURE_AUTORELEASING = YES;
				CLANG_WARN_BOOL_CONVERSION = YES;
				CLANG_WARN_COMMA = YES;
				CLANG_WARN_CONSTANT_CONVERSION = YES;
				CLANG_WARN_DEPRECATED_OBJC_IMPLEMENTATIONS = YES;
				CLANG_WARN_DIRECT_OBJC_ISA_USAGE = YES_ERROR;
				CLANG_WARN_DOCUMENTATION_COMMENTS = YES;
				CLANG_WARN_EMPTY_BODY = YES;
				CLANG_WARN_ENUM_CONVERSION = YES;
				CLANG_WARN_INFINITE_RECURSION = YES;
				CLANG_WARN_INT_CONVERSION = YES;
				CLANG_WARN_NON_LITERAL_NULL_CONVERSION = YES;
				CLANG_WARN_OBJC_IMPLICIT_RETAIN_SELF = YES;
				CLANG_WARN_OBJC_LITERAL_CONVERSION = YES;
				CLANG_WARN_OBJC_ROOT_CLASS = YES_ERROR;
				CLANG_WARN_RANGE_LOOP_ANALYSIS = YES;
				CLANG_WARN_STRICT_PROTOTYPES = YES;
				CLANG_WARN_SUSPICIOUS_MOVE = YES;
				CLANG_WARN_UNGUARDED_AVAILABILITY = YES_AGGRESSIVE;
				CLANG_WARN_UNREACHABLE_CODE = YES;
				CLANG_WARN__DUPLICATE_METHOD_MATCH = YES;
				CODE_SIGN_IDENTITY = "iPhone Developer";
				COPY_PHASE_STRIP = NO;
				CURRENT_PROJECT_VERSION = 1;
				DEBUG_INFORMATION_FORMAT = "dwarf-with-dsym";
				ENABLE_NS_ASSERTIONS = NO;
				ENABLE_STRICT_OBJC_MSGSEND = YES;
				GCC_C_LANGUAGE_STANDARD = gnu11;
				GCC_NO_COMMON_BLOCKS = YES;
				GCC_WARN_64_TO_32_BIT_CONVERSION = YES;
				GCC_WARN_ABOUT_RETURN_TYPE = YES_ERROR;
				GCC_WARN_UNDECLARED_SELECTOR = YES;
				GCC_WARN_UNINITIALIZED_AUTOS = YES_AGGRESSIVE;
				GCC_WARN_UNUSED_FUNCTION = YES;
				GCC_WARN_UNUSED_VARIABLE = YES;
				IPHONEOS_DEPLOYMENT_TARGET = 12.2;
				MTL_ENABLE_DEBUG_INFO = NO;
				MTL_FAST_MATH = YES;
				SDKROOT = iphoneos;
				SWIFT_COMPILATION_MODE = wholemodule;
				SWIFT_OPTIMIZATION_LEVEL = "-O";
				SWIFT_VERSION = 4.2;
				VALIDATE_PRODUCT = YES;
				VERSIONING_SYSTEM = "apple-generic";
				VERSION_INFO_PREFIX = "";
			};
			name = Release;
		};
		F4932CF222BBCC3B004397BB /* Debug */ = {
			isa = XCBuildConfiguration;
			buildSettings = {
				CLANG_ENABLE_MODULES = YES;
				CODE_SIGN_IDENTITY = "";
				CODE_SIGN_STYLE = Automatic;
				DEFINES_MODULE = YES;
				DEVELOPMENT_TEAM = 684D7JEAFF;
				DYLIB_COMPATIBILITY_VERSION = 1;
				DYLIB_CURRENT_VERSION = 1;
				DYLIB_INSTALL_NAME_BASE = "@rpath";
				INFOPLIST_FILE = SwiftCallback/Info.plist;
				INSTALL_PATH = "$(LOCAL_LIBRARY_DIR)/Frameworks";
				LD_RUNPATH_SEARCH_PATHS = (
					"$(inherited)",
					"@executable_path/Frameworks",
					"@loader_path/Frameworks",
				);
				PRODUCT_BUNDLE_IDENTIFIER = SwiftCallback.SwiftCallback;
				PRODUCT_NAME = "$(TARGET_NAME:c99extidentifier)";
				SKIP_INSTALL = YES;
				SWIFT_OPTIMIZATION_LEVEL = "-Onone";
				SWIFT_VERSION = 4.2;
				TARGETED_DEVICE_FAMILY = "1,2";
			};
			name = Debug;
		};
		F4932CF322BBCC3B004397BB /* Release */ = {
			isa = XCBuildConfiguration;
			buildSettings = {
				CLANG_ENABLE_MODULES = YES;
				CODE_SIGN_IDENTITY = "";
				CODE_SIGN_STYLE = Automatic;
				DEFINES_MODULE = YES;
				DEVELOPMENT_TEAM = 684D7JEAFF;
				DYLIB_COMPATIBILITY_VERSION = 1;
				DYLIB_CURRENT_VERSION = 1;
				DYLIB_INSTALL_NAME_BASE = "@rpath";
				INFOPLIST_FILE = SwiftCallback/Info.plist;
				INSTALL_PATH = "$(LOCAL_LIBRARY_DIR)/Frameworks";
				LD_RUNPATH_SEARCH_PATHS = (
					"$(inherited)",
					"@executable_path/Frameworks",
					"@loader_path/Frameworks",
				);
				PRODUCT_BUNDLE_IDENTIFIER = SwiftCallback.SwiftCallback;
				PRODUCT_NAME = "$(TARGET_NAME:c99extidentifier)";
				SKIP_INSTALL = YES;
				SWIFT_VERSION = 4.2;
				TARGETED_DEVICE_FAMILY = "1,2";
			};
			name = Release;
		};
		F4932CF522BBCC3B004397BB /* Debug */ = {
			isa = XCBuildConfiguration;
			buildSettings = {
				ALWAYS_EMBED_SWIFT_STANDARD_LIBRARIES = YES;
				CODE_SIGN_STYLE = Automatic;
				DEVELOPMENT_TEAM = 684D7JEAFF;
				INFOPLIST_FILE = SwiftCallbackTests/Info.plist;
				LD_RUNPATH_SEARCH_PATHS = (
					"$(inherited)",
					"@executable_path/Frameworks",
					"@loader_path/Frameworks",
				);
				PRODUCT_BUNDLE_IDENTIFIER = SwiftCallback.SwiftCallbackTests;
				PRODUCT_NAME = "$(TARGET_NAME)";
				SWIFT_VERSION = 4.2;
				TARGETED_DEVICE_FAMILY = "1,2";
			};
			name = Debug;
		};
		F4932CF622BBCC3B004397BB /* Release */ = {
			isa = XCBuildConfiguration;
			buildSettings = {
				ALWAYS_EMBED_SWIFT_STANDARD_LIBRARIES = YES;
				CODE_SIGN_STYLE = Automatic;
				DEVELOPMENT_TEAM = 684D7JEAFF;
				INFOPLIST_FILE = SwiftCallbackTests/Info.plist;
				LD_RUNPATH_SEARCH_PATHS = (
					"$(inherited)",
					"@executable_path/Frameworks",
					"@loader_path/Frameworks",
				);
				PRODUCT_BUNDLE_IDENTIFIER = SwiftCallback.SwiftCallbackTests;
				PRODUCT_NAME = "$(TARGET_NAME)";
				SWIFT_VERSION = 4.2;
				TARGETED_DEVICE_FAMILY = "1,2";
			};
			name = Release;
		};
		F4932D3222BBD212004397BB /* Debug */ = {
			isa = XCBuildConfiguration;
			buildSettings = {
				ASSETCATALOG_COMPILER_APPICON_NAME = AppIcon;
				CODE_SIGN_STYLE = Automatic;
				DEVELOPMENT_TEAM = 684D7JEAFF;
				INFOPLIST_FILE = SwiftCallbackSample/Info.plist;
				LD_RUNPATH_SEARCH_PATHS = (
					"$(inherited)",
					"@executable_path/Frameworks",
				);
				PRODUCT_BUNDLE_IDENTIFIER = SwiftCallback.SwiftCallbackSample;
				PRODUCT_NAME = "$(TARGET_NAME)";
				SWIFT_VERSION = 4.2;
				TARGETED_DEVICE_FAMILY = "1,2";
			};
			name = Debug;
		};
		F4932D3322BBD212004397BB /* Release */ = {
			isa = XCBuildConfiguration;
			buildSettings = {
				ASSETCATALOG_COMPILER_APPICON_NAME = AppIcon;
				CODE_SIGN_STYLE = Automatic;
				DEVELOPMENT_TEAM = 684D7JEAFF;
				INFOPLIST_FILE = SwiftCallbackSample/Info.plist;
				LD_RUNPATH_SEARCH_PATHS = (
					"$(inherited)",
					"@executable_path/Frameworks",
				);
				PRODUCT_BUNDLE_IDENTIFIER = SwiftCallback.SwiftCallbackSample;
				PRODUCT_NAME = "$(TARGET_NAME)";
				SWIFT_VERSION = 4.2;
				TARGETED_DEVICE_FAMILY = "1,2";
			};
			name = Release;
		};
/* End XCBuildConfiguration section */

/* Begin XCConfigurationList section */
		F4932CD722BBCC3B004397BB /* Build configuration list for PBXProject "SwiftCallback" */ = {
			isa = XCConfigurationList;
			buildConfigurations = (
				F4932CEF22BBCC3B004397BB /* Debug */,
				F4932CF022BBCC3B004397BB /* Release */,
			);
			defaultConfigurationIsVisible = 0;
			defaultConfigurationName = Release;
		};
		F4932CF122BBCC3B004397BB /* Build configuration list for PBXNativeTarget "SwiftCallback" */ = {
			isa = XCConfigurationList;
			buildConfigurations = (
				F4932CF222BBCC3B004397BB /* Debug */,
				F4932CF322BBCC3B004397BB /* Release */,
			);
			defaultConfigurationIsVisible = 0;
			defaultConfigurationName = Release;
		};
		F4932CF422BBCC3B004397BB /* Build configuration list for PBXNativeTarget "SwiftCallbackTests" */ = {
			isa = XCConfigurationList;
			buildConfigurations = (
				F4932CF522BBCC3B004397BB /* Debug */,
				F4932CF622BBCC3B004397BB /* Release */,
			);
			defaultConfigurationIsVisible = 0;
			defaultConfigurationName = Release;
		};
		F4932D3122BBD212004397BB /* Build configuration list for PBXNativeTarget "SwiftCallbackSample" */ = {
			isa = XCConfigurationList;
			buildConfigurations = (
				F4932D3222BBD212004397BB /* Debug */,
				F4932D3322BBD212004397BB /* Release */,
			);
			defaultConfigurationIsVisible = 0;
			defaultConfigurationName = Release;
		};
/* End XCConfigurationList section */
	};
	rootObject = F4932CD422BBCC3B004397BB /* Project object */;
}
